
Microsoft Visual Studio Solution File, Format Version 12.00
# Visual Studio Version 17
VisualStudioVersion = 17.4.33205.214
MinimumVisualStudioVersion = 10.0.40219.1
Project("{FAE04EC0-301F-11D3-BF4B-00C04F79EFBC}") = "BookStore", "BookStore\BookStore.csproj", "{F4CF990E-E2F1-4907-A440-257D0A7FB65B}"
EndProject
Global
	GlobalSection(SolutionConfigurationPlatforms) = preSolution
		Debug|Any CPU = Debug|Any CPU
		Release|Any CPU = Release|Any CPU
	EndGlobalSection
	GlobalSection(ProjectConfigurationPlatforms) = postSolution
		{F4CF990E-E2F1-4907-A440-257D0A7FB65B}.Debug|Any CPU.ActiveCfg = Debug|Any CPU
		{F4CF990E-E2F1-4907-A440-257D0A7FB65B}.Debug|Any CPU.Build.0 = Debug|Any CPU
		{F4CF990E-E2F1-4907-A440-257D0A7FB65B}.Release|Any CPU.ActiveCfg = Release|Any CPU
		{F4CF990E-E2F1-4907-A440-257D0A7FB65B}.Release|Any CPU.Build.0 = Release|Any CPU
	EndGlobalSection
	GlobalSection(SolutionProperties) = preSolution
		HideSolutionNode = FALSE
	EndGlobalSection
	GlobalSection(ExtensibilityGlobals) = postSolution
		SolutionGuid = {8C96A71D-E995-4471-B0AD-0B5BBD45F5C4}
	EndGlobalSection
EndGlobal
